
Microsoft Visual Studio Solution File, Format Version 12.00
# Visual Studio Version 17
VisualStudioVersion = 17.8.34525.116
MinimumVisualStudioVersion = 10.0.40219.1
Project("{FAE04EC0-301F-11D3-BF4B-00C04F79EFBC}") = "Automatic_Classification", "Automatic_Classification.csproj", "{1FB94DEC-37EC-42AD-992A-451C779FDA73}"
EndProject
Global
	GlobalSection(SolutionConfigurationPlatforms) = preSolution
		Debug|Any CPU = Debug|Any CPU
		Release|Any CPU = Release|Any CPU
	EndGlobalSection
	GlobalSection(ProjectConfigurationPlatforms) = postSolution
		{1FB94DEC-37EC-42AD-992A-451C779FDA73}.Debug|Any CPU.ActiveCfg = Debug|Any CPU
		{1FB94DEC-37EC-42AD-992A-451C779FDA73}.Debug|Any CPU.Build.0 = Debug|Any CPU
		{1FB94DEC-37EC-42AD-992A-451C779FDA73}.Release|Any CPU.ActiveCfg = Release|Any CPU
		{1FB94DEC-37EC-42AD-992A-451C779FDA73}.Release|Any CPU.Build.0 = Release|Any CPU
	EndGlobalSection
	GlobalSection(SolutionProperties) = preSolution
		HideSolutionNode = FALSE
	EndGlobalSection
	GlobalSection(ExtensibilityGlobals) = postSolution
		SolutionGuid = {4C0DBFA7-EEC2-430E-8462-870025EAC557}
	EndGlobalSection
EndGlobal
